{
  "version": 4,
  "terraform_version": "1.14.4",
  "serial": 16,
  "lineage": "50d6540e-23d1-ed50-85a5-f35cccce15ad",
  "outputs": {
    "router_private_ip": {
      "value": "10.10.1.5",
      "type": "string"
    },
    "web_private_ip": {
      "value": "10.10.1.4",
      "type": "string"
    }
  },
  "resources": [
    {
      "mode": "managed",
      "type": "azurerm_linux_virtual_machine",
      "name": "router_vm",
      "provider": "provider[\"registry.terraform.io/hashicorp/azurerm\"]",
      "instances": [
        {
          "schema_version": 0,
          "attributes": {
            "additional_capabilities": [],
            "admin_password": null,
            "admin_ssh_key": [
              {
                "public_key": "ssh-rsa AAAAB3NzaC1yc2EAAAADAQABAAABAQDSfigUZl5xhK4LE9rd969H4cgXzbFnbob432IoNomStx6CAKxlPw0E/cyktmAKr/QYSFCbv5fsFup3MI67Ipj48d0B7mMZcFaFaVUAzNGj71DCuZfNgiFJk4fNJA705kIO2odaxl5Ui+KmpNYE8jaa6SqYsy0dM6rcXZko5vkh9BILMfXKBjMVM/vNA+pyzMBUZvjbB268jomP3JJR0F6o7zc107MWOXRH80ZTkKl/Xx2ArQT7tY0l/slIWzy+OSebiPshKUrXX5381xw3Sg1tXBo7c2QWNAb7Uc50mSlvDO2tjV80z1KQFZdww/dMveA0aubIWk0BM44NdyAmesRR craig@CL-PW03GD1S",
                "username": "azureuser"
              }
            ],
            "admin_username": "azureuser",
            "allow_extension_operations": true,
            "availability_set_id": "",
            "boot_diagnostics": [],
            "computer_name": "ts-subnet-router",
            "custom_data": "I2Nsb3VkLWNvbmZpZw0KcGFja2FnZV91cGRhdGU6IHRydWUNCnBhY2thZ2VzOg0KICAtIGN1cmwNCiAgLSBpcHRhYmxlcw0KDQpydW5jbWQ6DQogIC0gY3VybCAtZnNTTCBodHRwczovL3RhaWxzY2FsZS5jb20vaW5zdGFsbC5zaCB8IHNoDQogIC0gc3lzY3RsIC13IG5ldC5pcHY0LmlwX2ZvcndhcmQ9MQ0KICAtIHRhaWxzY2FsZSB1cCBcDQogICAgICAtLWF1dGhrZXk9dHNrZXktYXV0aC1rTmNvRXA1RHg5MjFDTlRSTC1kazJxa29CdEFEWXgxUmN2WEdBWENZTDdvVVFjQmpEZyBcDQogICAgICAtLWFkdmVydGlzZS1yb3V0ZXM9MTAuMTAuMS4wLzI0IFwNCiAgICAgIC0tYWNjZXB0LWRucz1mYWxzZQ0K",
            "dedicated_host_group_id": "",
            "dedicated_host_id": "",
            "disable_password_authentication": true,
            "edge_zone": "",
            "encryption_at_host_enabled": false,
            "eviction_policy": "",
            "extensions_time_budget": "PT1H30M",
            "id": "/subscriptions/d60bf748-220c-41a3-bc29-f5b3409b756a/resourceGroups/ts-poc-rg/providers/Microsoft.Compute/virtualMachines/ts-subnet-router",
            "identity": [],
            "license_type": "",
            "location": "eastus",
            "max_bid_price": -1,
            "name": "ts-subnet-router",
            "network_interface_ids": [
              "/subscriptions/d60bf748-220c-41a3-bc29-f5b3409b756a/resourceGroups/ts-poc-rg/providers/Microsoft.Network/networkInterfaces/ts-router-nic"
            ],
            "os_disk": [
              {
                "caching": "ReadWrite",
                "diff_disk_settings": [],
                "disk_encryption_set_id": "",
                "disk_size_gb": 30,
                "name": "ts-subnet-router_OsDisk_1_bb1a2de404b34833a8d980232037cdc6",
                "storage_account_type": "Standard_LRS",
                "write_accelerator_enabled": false
              }
            ],
            "patch_mode": "ImageDefault",
            "plan": [],
            "platform_fault_domain": -1,
            "priority": "Regular",
            "private_ip_address": "10.10.1.5",
            "private_ip_addresses": [
              "10.10.1.5"
            ],
            "provision_vm_agent": true,
            "proximity_placement_group_id": "",
            "public_ip_address": "",
            "public_ip_addresses": [],
            "resource_group_name": "ts-poc-rg",
            "secret": [],
            "secure_boot_enabled": false,
            "size": "Standard_DC1ds_v3",
            "source_image_id": "",
            "source_image_reference": [
              {
                "offer": "0001-com-ubuntu-server-jammy",
                "publisher": "Canonical",
                "sku": "22_04-lts-gen2",
                "version": "latest"
              }
            ],
            "tags": null,
            "termination_notification": null,
            "timeouts": null,
            "user_data": "",
            "virtual_machine_id": "d7acc2c2-7deb-475d-ae7f-d9a26c84cc59",
            "virtual_machine_scale_set_id": "",
            "vtpm_enabled": false,
            "zone": ""
          },
          "sensitive_attributes": [
            [
              {
                "type": "get_attr",
                "value": "admin_password"
              }
            ],
            [
              {
                "type": "get_attr",
                "value": "custom_data"
              }
            ]
          ],
          "identity_schema_version": 0,
          "private": "eyJlMmJmYjczMC1lY2FhLTExZTYtOGY4OC0zNDM2M2JjN2M0YzAiOnsiY3JlYXRlIjoyNzAwMDAwMDAwMDAwLCJkZWxldGUiOjI3MDAwMDAwMDAwMDAsInJlYWQiOjMwMDAwMDAwMDAwMCwidXBkYXRlIjoyNzAwMDAwMDAwMDAwfX0=",
          "dependencies": [
            "azurerm_network_interface.router_nic",
            "azurerm_resource_group.rg",
            "azurerm_subnet.subnet",
            "azurerm_virtual_network.vnet"
          ]
        }
      ]
    },
    {
      "mode": "managed",
      "type": "azurerm_linux_virtual_machine",
      "name": "web_vm",
      "provider": "provider[\"registry.terraform.io/hashicorp/azurerm\"]",
      "instances": [
        {
          "schema_version": 0,
          "attributes": {
            "additional_capabilities": [],
            "admin_password": null,
            "admin_ssh_key": [
              {
                "public_key": "ssh-rsa AAAAB3NzaC1yc2EAAAADAQABAAABAQDSfigUZl5xhK4LE9rd969H4cgXzbFnbob432IoNomStx6CAKxlPw0E/cyktmAKr/QYSFCbv5fsFup3MI67Ipj48d0B7mMZcFaFaVUAzNGj71DCuZfNgiFJk4fNJA705kIO2odaxl5Ui+KmpNYE8jaa6SqYsy0dM6rcXZko5vkh9BILMfXKBjMVM/vNA+pyzMBUZvjbB268jomP3JJR0F6o7zc107MWOXRH80ZTkKl/Xx2ArQT7tY0l/slIWzy+OSebiPshKUrXX5381xw3Sg1tXBo7c2QWNAb7Uc50mSlvDO2tjV80z1KQFZdww/dMveA0aubIWk0BM44NdyAmesRR craig@CL-PW03GD1S",
                "username": "azureuser"
              }
            ],
            "admin_username": "azureuser",
            "allow_extension_operations": true,
            "availability_set_id": "",
            "boot_diagnostics": [],
            "computer_name": "private-web",
            "custom_data": "I2Nsb3VkLWNvbmZpZw0KcGFja2FnZV91cGRhdGU6IHRydWUNCnBhY2thZ2VzOg0KICAtIG5naW54DQoNCnJ1bmNtZDoNCiAgLSBzeXN0ZW1jdGwgZW5hYmxlIG5naW54DQogIC0gc3lzdGVtY3RsIHN0YXJ0IG5naW54DQogIC0gZWNobyAiSGVsbG8gZnJvbSBhIFBSSVZBVEUgQXp1cmUgc3VibmV0IHZpYSBUYWlsc2NhbGUiID4gL3Zhci93d3cvaHRtbC9pbmRleC5odG1sDQo=",
            "dedicated_host_group_id": "",
            "dedicated_host_id": "",
            "disable_password_authentication": true,
            "edge_zone": "",
            "encryption_at_host_enabled": false,
            "eviction_policy": "",
            "extensions_time_budget": "PT1H30M",
            "id": "/subscriptions/d60bf748-220c-41a3-bc29-f5b3409b756a/resourceGroups/ts-poc-rg/providers/Microsoft.Compute/virtualMachines/private-web",
            "identity": [],
            "license_type": "",
            "location": "eastus",
            "max_bid_price": -1,
            "name": "private-web",
            "network_interface_ids": [
              "/subscriptions/d60bf748-220c-41a3-bc29-f5b3409b756a/resourceGroups/ts-poc-rg/providers/Microsoft.Network/networkInterfaces/web-nic"
            ],
            "os_disk": [
              {
                "caching": "ReadWrite",
                "diff_disk_settings": [],
                "disk_encryption_set_id": "",
                "disk_size_gb": 30,
                "name": "private-web_OsDisk_1_e837b718303948a0941620ed1d01ce14",
                "storage_account_type": "Standard_LRS",
                "write_accelerator_enabled": false
              }
            ],
            "patch_mode": "ImageDefault",
            "plan": [],
            "platform_fault_domain": -1,
            "priority": "Regular",
            "private_ip_address": "10.10.1.4",
            "private_ip_addresses": [
              "10.10.1.4"
            ],
            "provision_vm_agent": true,
            "proximity_placement_group_id": "",
            "public_ip_address": "",
            "public_ip_addresses": [],
            "resource_group_name": "ts-poc-rg",
            "secret": [],
            "secure_boot_enabled": false,
            "size": "Standard_DC1ds_v3",
            "source_image_id": "",
            "source_image_reference": [
              {
                "offer": "0001-com-ubuntu-server-jammy",
                "publisher": "Canonical",
                "sku": "22_04-lts-gen2",
                "version": "latest"
              }
            ],
            "tags": null,
            "termination_notification": null,
            "timeouts": null,
            "user_data": "",
            "virtual_machine_id": "6d92f32d-90e4-4ad6-a4a7-d887a0b318b1",
            "virtual_machine_scale_set_id": "",
            "vtpm_enabled": false,
            "zone": ""
          },
          "sensitive_attributes": [
            [
              {
                "type": "get_attr",
                "value": "admin_password"
              }
            ],
            [
              {
                "type": "get_attr",
                "value": "custom_data"
              }
            ]
          ],
          "identity_schema_version": 0,
          "private": "eyJlMmJmYjczMC1lY2FhLTExZTYtOGY4OC0zNDM2M2JjN2M0YzAiOnsiY3JlYXRlIjoyNzAwMDAwMDAwMDAwLCJkZWxldGUiOjI3MDAwMDAwMDAwMDAsInJlYWQiOjMwMDAwMDAwMDAwMCwidXBkYXRlIjoyNzAwMDAwMDAwMDAwfX0=",
          "dependencies": [
            "azurerm_network_interface.web_nic",
            "azurerm_resource_group.rg",
            "azurerm_subnet.subnet",
            "azurerm_virtual_network.vnet"
          ]
        }
      ]
    },
    {
      "mode": "managed",
      "type": "azurerm_network_interface",
      "name": "router_nic",
      "provider": "provider[\"registry.terraform.io/hashicorp/azurerm\"]",
      "instances": [
        {
          "schema_version": 0,
          "attributes": {
            "applied_dns_servers": [],
            "dns_servers": [],
            "edge_zone": "",
            "enable_accelerated_networking": false,
            "enable_ip_forwarding": false,
            "id": "/subscriptions/d60bf748-220c-41a3-bc29-f5b3409b756a/resourceGroups/ts-poc-rg/providers/Microsoft.Network/networkInterfaces/ts-router-nic",
            "internal_dns_name_label": "",
            "internal_domain_name_suffix": "f4ceis10phmexdtgqnvgnj243c.bx.internal.cloudapp.net",
            "ip_configuration": [
              {
                "gateway_load_balancer_frontend_ip_configuration_id": "",
                "name": "internal",
                "primary": true,
                "private_ip_address": "10.10.1.5",
                "private_ip_address_allocation": "Dynamic",
                "private_ip_address_version": "IPv4",
                "public_ip_address_id": "",
                "subnet_id": "/subscriptions/d60bf748-220c-41a3-bc29-f5b3409b756a/resourceGroups/ts-poc-rg/providers/Microsoft.Network/virtualNetworks/ts-poc-vnet/subnets/default"
              }
            ],
            "location": "eastus",
            "mac_address": "",
            "name": "ts-router-nic",
            "private_ip_address": "10.10.1.5",
            "private_ip_addresses": [
              "10.10.1.5"
            ],
            "resource_group_name": "ts-poc-rg",
            "tags": {},
            "timeouts": null,
            "virtual_machine_id": ""
          },
          "sensitive_attributes": [],
          "identity_schema_version": 0,
          "private": "eyJlMmJmYjczMC1lY2FhLTExZTYtOGY4OC0zNDM2M2JjN2M0YzAiOnsiY3JlYXRlIjoxODAwMDAwMDAwMDAwLCJkZWxldGUiOjE4MDAwMDAwMDAwMDAsInJlYWQiOjMwMDAwMDAwMDAwMCwidXBkYXRlIjoxODAwMDAwMDAwMDAwfX0=",
          "dependencies": [
            "azurerm_resource_group.rg",
            "azurerm_subnet.subnet",
            "azurerm_virtual_network.vnet"
          ]
        }
      ]
    },
    {
      "mode": "managed",
      "type": "azurerm_network_interface",
      "name": "web_nic",
      "provider": "provider[\"registry.terraform.io/hashicorp/azurerm\"]",
      "instances": [
        {
          "schema_version": 0,
          "attributes": {
            "applied_dns_servers": [],
            "dns_servers": [],
            "edge_zone": "",
            "enable_accelerated_networking": false,
            "enable_ip_forwarding": false,
            "id": "/subscriptions/d60bf748-220c-41a3-bc29-f5b3409b756a/resourceGroups/ts-poc-rg/providers/Microsoft.Network/networkInterfaces/web-nic",
            "internal_dns_name_label": "",
            "internal_domain_name_suffix": "f4ceis10phmexdtgqnvgnj243c.bx.internal.cloudapp.net",
            "ip_configuration": [
              {
                "gateway_load_balancer_frontend_ip_configuration_id": "",
                "name": "internal",
                "primary": true,
                "private_ip_address": "10.10.1.4",
                "private_ip_address_allocation": "Dynamic",
                "private_ip_address_version": "IPv4",
                "public_ip_address_id": "",
                "subnet_id": "/subscriptions/d60bf748-220c-41a3-bc29-f5b3409b756a/resourceGroups/ts-poc-rg/providers/Microsoft.Network/virtualNetworks/ts-poc-vnet/subnets/default"
              }
            ],
            "location": "eastus",
            "mac_address": "",
            "name": "web-nic",
            "private_ip_address": "10.10.1.4",
            "private_ip_addresses": [
              "10.10.1.4"
            ],
            "resource_group_name": "ts-poc-rg",
            "tags": {},
            "timeouts": null,
            "virtual_machine_id": ""
          },
          "sensitive_attributes": [],
          "identity_schema_version": 0,
          "private": "eyJlMmJmYjczMC1lY2FhLTExZTYtOGY4OC0zNDM2M2JjN2M0YzAiOnsiY3JlYXRlIjoxODAwMDAwMDAwMDAwLCJkZWxldGUiOjE4MDAwMDAwMDAwMDAsInJlYWQiOjMwMDAwMDAwMDAwMCwidXBkYXRlIjoxODAwMDAwMDAwMDAwfX0=",
          "dependencies": [
            "azurerm_resource_group.rg",
            "azurerm_subnet.subnet",
            "azurerm_virtual_network.vnet"
          ]
        }
      ]
    },
    {
      "mode": "managed",
      "type": "azurerm_network_security_group",
      "name": "nsg",
      "provider": "provider[\"registry.terraform.io/hashicorp/azurerm\"]",
      "instances": [
        {
          "schema_version": 0,
          "attributes": {
            "id": "/subscriptions/d60bf748-220c-41a3-bc29-f5b3409b756a/resourceGroups/ts-poc-rg/providers/Microsoft.Network/networkSecurityGroups/ts-poc-nsg",
            "location": "eastus",
            "name": "ts-poc-nsg",
            "resource_group_name": "ts-poc-rg",
            "security_rule": [
              {
                "access": "Allow",
                "description": "",
                "destination_address_prefix": "*",
                "destination_address_prefixes": [],
                "destination_application_security_group_ids": [],
                "destination_port_range": "22",
                "destination_port_ranges": [],
                "direction": "Inbound",
                "name": "SSH",
                "priority": 100,
                "protocol": "Tcp",
                "source_address_prefix": "*",
                "source_address_prefixes": [],
                "source_application_security_group_ids": [],
                "source_port_range": "*",
                "source_port_ranges": []
              }
            ],
            "tags": {},
            "timeouts": null
          },
          "sensitive_attributes": [],
          "identity_schema_version": 0,
          "private": "eyJlMmJmYjczMC1lY2FhLTExZTYtOGY4OC0zNDM2M2JjN2M0YzAiOnsiY3JlYXRlIjoxODAwMDAwMDAwMDAwLCJkZWxldGUiOjE4MDAwMDAwMDAwMDAsInJlYWQiOjMwMDAwMDAwMDAwMCwidXBkYXRlIjoxODAwMDAwMDAwMDAwfX0=",
          "dependencies": [
            "azurerm_resource_group.rg"
          ]
        }
      ]
    },
    {
      "mode": "managed",
      "type": "azurerm_resource_group",
      "name": "rg",
      "provider": "provider[\"registry.terraform.io/hashicorp/azurerm\"]",
      "instances": [
        {
          "schema_version": 0,
          "attributes": {
            "id": "/subscriptions/d60bf748-220c-41a3-bc29-f5b3409b756a/resourceGroups/ts-poc-rg",
            "location": "eastus",
            "name": "ts-poc-rg",
            "tags": {},
            "timeouts": null
          },
          "sensitive_attributes": [],
          "identity_schema_version": 0,
          "private": "eyJlMmJmYjczMC1lY2FhLTExZTYtOGY4OC0zNDM2M2JjN2M0YzAiOnsiY3JlYXRlIjo1NDAwMDAwMDAwMDAwLCJkZWxldGUiOjU0MDAwMDAwMDAwMDAsInJlYWQiOjMwMDAwMDAwMDAwMCwidXBkYXRlIjo1NDAwMDAwMDAwMDAwfX0="
        }
      ]
    },
    {
      "mode": "managed",
      "type": "azurerm_subnet",
      "name": "subnet",
      "provider": "provider[\"registry.terraform.io/hashicorp/azurerm\"]",
      "instances": [
        {
          "schema_version": 0,
          "attributes": {
            "address_prefixes": [
              "10.10.1.0/24"
            ],
            "delegation": [],
            "enforce_private_link_endpoint_network_policies": false,
            "enforce_private_link_service_network_policies": false,
            "id": "/subscriptions/d60bf748-220c-41a3-bc29-f5b3409b756a/resourceGroups/ts-poc-rg/providers/Microsoft.Network/virtualNetworks/ts-poc-vnet/subnets/default",
            "name": "default",
            "resource_group_name": "ts-poc-rg",
            "service_endpoint_policy_ids": [],
            "service_endpoints": [],
            "timeouts": null,
            "virtual_network_name": "ts-poc-vnet"
          },
          "sensitive_attributes": [],
          "identity_schema_version": 0,
          "private": "eyJlMmJmYjczMC1lY2FhLTExZTYtOGY4OC0zNDM2M2JjN2M0YzAiOnsiY3JlYXRlIjoxODAwMDAwMDAwMDAwLCJkZWxldGUiOjE4MDAwMDAwMDAwMDAsInJlYWQiOjMwMDAwMDAwMDAwMCwidXBkYXRlIjoxODAwMDAwMDAwMDAwfX0=",
          "dependencies": [
            "azurerm_resource_group.rg",
            "azurerm_virtual_network.vnet"
          ]
        }
      ]
    },
    {
      "mode": "managed",
      "type": "azurerm_virtual_network",
      "name": "vnet",
      "provider": "provider[\"registry.terraform.io/hashicorp/azurerm\"]",
      "instances": [
        {
          "schema_version": 0,
          "attributes": {
            "address_space": [
              "10.10.0.0/16"
            ],
            "bgp_community": "",
            "ddos_protection_plan": [],
            "dns_servers": [],
            "edge_zone": "",
            "flow_timeout_in_minutes": 0,
            "guid": "4b44842f-797a-4bd8-8e66-836a66a79eea",
            "id": "/subscriptions/d60bf748-220c-41a3-bc29-f5b3409b756a/resourceGroups/ts-poc-rg/providers/Microsoft.Network/virtualNetworks/ts-poc-vnet",
            "location": "eastus",
            "name": "ts-poc-vnet",
            "resource_group_name": "ts-poc-rg",
            "subnet": [
              {
                "address_prefix": "10.10.1.0/24",
                "id": "/subscriptions/d60bf748-220c-41a3-bc29-f5b3409b756a/resourceGroups/ts-poc-rg/providers/Microsoft.Network/virtualNetworks/ts-poc-vnet/subnets/default",
                "name": "default",
                "security_group": ""
              }
            ],
            "tags": {},
            "timeouts": null
          },
          "sensitive_attributes": [],
          "identity_schema_version": 0,
          "private": "eyJlMmJmYjczMC1lY2FhLTExZTYtOGY4OC0zNDM2M2JjN2M0YzAiOnsiY3JlYXRlIjoxODAwMDAwMDAwMDAwLCJkZWxldGUiOjE4MDAwMDAwMDAwMDAsInJlYWQiOjMwMDAwMDAwMDAwMCwidXBkYXRlIjoxODAwMDAwMDAwMDAwfX0=",
          "dependencies": [
            "azurerm_resource_group.rg"
          ]
        }
      ]
    }
  ],
  "check_results": null
}
